
Microsoft Visual Studio Solution File, Format Version 12.00
# Visual Studio Version 17
VisualStudioVersion = 17.11.35327.3
MinimumVisualStudioVersion = 10.0.40219.1
Project("{9092AA53-FB77-4645-B42D-1CCCA6BD08BD}") = "Login", "Login.njsproj", "{84562A11-32A7-407B-9734-791C51D8B567}"
EndProject
Global
	GlobalSection(SolutionConfigurationPlatforms) = preSolution
		Debug|Any CPU = Debug|Any CPU
		Release|Any CPU = Release|Any CPU
	EndGlobalSection
	GlobalSection(ProjectConfigurationPlatforms) = postSolution
		{84562A11-32A7-407B-9734-791C51D8B567}.Debug|Any CPU.ActiveCfg = Debug|Any CPU
		{84562A11-32A7-407B-9734-791C51D8B567}.Debug|Any CPU.Build.0 = Debug|Any CPU
		{84562A11-32A7-407B-9734-791C51D8B567}.Release|Any CPU.ActiveCfg = Release|Any CPU
		{84562A11-32A7-407B-9734-791C51D8B567}.Release|Any CPU.Build.0 = Release|Any CPU
	EndGlobalSection
	GlobalSection(SolutionProperties) = preSolution
		HideSolutionNode = FALSE
	EndGlobalSection
	GlobalSection(ExtensibilityGlobals) = postSolution
		SolutionGuid = {3368C3C4-FA5B-4C81-9C14-229D2CB9EB2D}
	EndGlobalSection
EndGlobal
